lockfileVersion: '9.0'

settings:
  autoInstallPeers: true
  excludeLinksFromLockfile: false

importers:

  .:
    devDependencies:
      oxc:
        specifier: ^1.0.1
        version: 1.0.1

packages:

  oxc@1.0.1:
    resolution: {integrity: sha512-MJ18y2Ekl329i3zdZpRVOqFdEUjoRKC1+uy1f4kuRp9ygindCVVUIhhKxwyAhTsWt3jIV8UczKtlTwWWahcaWQ==}
    hasBin: true

snapshots:

  oxc@1.0.1: {}
